{
    "_readme": [
        "This file locks the dependencies of your project to a known state",
        "Read more about it at http://getcomposer.org/doc/01-basic-usage.md#composer-lock-the-lock-file",
        "This file is @generated automatically"
    ],
    "hash": "b34ee55cfe7d9ef92fd33b3f45a9a148",
    "packages": [
        {
            "name": "inviqa/symfony-container-generator",
            "version": "dev-master",
            "source": {
                "type": "git",
                "url": "https://github.com/inviqa/symfony-container-generator.git",
                "reference": "45724ffa4cfacad9c3cfc97b2b69775b9a2d7d6c"
            },
            "dist": {
                "type": "zip",
                "url": "https://api.github.com/repos/inviqa/symfony-container-generator/zipball/45724ffa4cfacad9c3cfc97b2b69775b9a2d7d6c",
                "reference": "45724ffa4cfacad9c3cfc97b2b69775b9a2d7d6c",
                "shasum": ""
            },
            "require": {
                "php": ">=5.3.3",
                "symfony/config": "2.6",
                "symfony/dependency-injection": "2.6",
                "symfony/filesystem": "2.6"
            },
            "require-dev": {
                "phpspec/phpspec": "^2.2"
            },
            "type": "library",
            "autoload": {
                "psr-0": {
                    "ContainerTools": "src/",
                    "": "src"
                }
            },
            "description": "Generic Symfony DI Container Builder",
            "support": {
                "source": "https://github.com/inviqa/symfony-container-generator/tree/master"
            },
            "time": "2015-05-21 12:02:17"
        },
        {
            "name": "symfony/config",
            "version": "v2.6.0",
            "target-dir": "Symfony/Component/Config",
            "source": {
                "type": "git",
                "url": "https://github.com/symfony/Config.git",
                "reference": "9282bb7f3251a95478a7198534577c02ab30b6b6"
            },
            "dist": {
                "type": "zip",
                "url": "https://api.github.com/repos/symfony/Config/zipball/9282bb7f3251a95478a7198534577c02ab30b6b6",
                "reference": "9282bb7f3251a95478a7198534577c02ab30b6b6",
                "shasum": ""
            },
            "require": {
                "php": ">=5.3.3",
                "symfony/filesystem": "~2.3"
            },
            "type": "library",
            "extra": {
                "branch-alias": {
                    "dev-master": "2.6-dev"
                }
            },
            "autoload": {
                "psr-0": {
                    "Symfony\\Component\\Config\\": ""
                }
            },
            "notification-url": "https://packagist.org/downloads/",
            "license": [
                "MIT"
            ],
            "authors": [
                {
                    "name": "Symfony Community",
                    "homepage": "http://symfony.com/contributors"
                },
                {
                    "name": "Fabien Potencier",
                    "email": "fabien@symfony.com"
                }
            ],
            "description": "Symfony Config Component",
            "homepage": "http://symfony.com",
            "time": "2014-11-20 13:24:23"
        },
        {
            "name": "symfony/dependency-injection",
            "version": "v2.6.0",
            "target-dir": "Symfony/Component/DependencyInjection",
            "source": {
                "type": "git",
                "url": "https://github.com/symfony/DependencyInjection.git",
                "reference": "20bc8737876e4a2222101749b5547fd5acc24e30"
            },
            "dist": {
                "type": "zip",
                "url": "https://api.github.com/repos/symfony/DependencyInjection/zipball/20bc8737876e4a2222101749b5547fd5acc24e30",
                "reference": "20bc8737876e4a2222101749b5547fd5acc24e30",
                "shasum": ""
            },
            "require": {
                "php": ">=5.3.3"
            },
            "require-dev": {
                "symfony/config": "~2.2",
                "symfony/expression-language": "~2.4",
                "symfony/yaml": "~2.0"
            },
            "suggest": {
                "symfony/config": "",
                "symfony/proxy-manager-bridge": "Generate service proxies to lazy load them",
                "symfony/yaml": ""
            },
            "type": "library",
            "extra": {
                "branch-alias": {
                    "dev-master": "2.6-dev"
                }
            },
            "autoload": {
                "psr-0": {
                    "Symfony\\Component\\DependencyInjection\\": ""
                }
            },
            "notification-url": "https://packagist.org/downloads/",
            "license": [
                "MIT"
            ],
            "authors": [
                {
                    "name": "Symfony Community",
                    "homepage": "http://symfony.com/contributors"
                },
                {
                    "name": "Fabien Potencier",
                    "email": "fabien@symfony.com"
                }
            ],
            "description": "Symfony DependencyInjection Component",
            "homepage": "http://symfony.com",
            "time": "2014-11-28 10:00:40"
        },
        {
            "name": "symfony/filesystem",
            "version": "v2.6.0",
            "target-dir": "Symfony/Component/Filesystem",
            "source": {
                "type": "git",
                "url": "https://github.com/symfony/Filesystem.git",
                "reference": "6f7c7e42f20ee200d8ac5d2ec1d2a524138305e0"
            },
            "dist": {
                "type": "zip",
                "url": "https://api.github.com/repos/symfony/Filesystem/zipball/6f7c7e42f20ee200d8ac5d2ec1d2a524138305e0",
                "reference": "6f7c7e42f20ee200d8ac5d2ec1d2a524138305e0",
                "shasum": ""
            },
            "require": {
                "php": ">=5.3.3"
            },
            "type": "library",
            "extra": {
                "branch-alias": {
                    "dev-master": "2.6-dev"
                }
            },
            "autoload": {
                "psr-0": {
                    "Symfony\\Component\\Filesystem\\": ""
                }
            },
            "notification-url": "https://packagist.org/downloads/",
            "license": [
                "MIT"
            ],
            "authors": [
                {
                    "name": "Symfony Community",
                    "homepage": "http://symfony.com/contributors"
                },
                {
                    "name": "Fabien Potencier",
                    "email": "fabien@symfony.com"
                }
            ],
            "description": "Symfony Filesystem Component",
            "homepage": "http://symfony.com",
            "time": "2014-11-16 17:28:09"
        }
    ],
    "packages-dev": [],
    "aliases": [],
    "minimum-stability": "dev",
    "stability-flags": {
        "inviqa/symfony-container-generator": 20
    },
    "prefer-stable": false,
    "prefer-lowest": false,
    "platform": [],
    "platform-dev": []
}
